PODS:
  - AirMapSDK (4.0.1):
    - AirMapSDK/Core (= 4.0.1)
    - AirMapSDK/SystemStatus (= 4.0.1)
    - AirMapSDK/Telemetry (= 4.0.1)
    - AirMapSDK/Traffic (= 4.0.1)
    - AirMapSDK/UI (= 4.0.1)
  - AirMapSDK/Core (4.0.1):
    - Alamofire (~> 4.9.0)
    - AppAuth
    - KeychainAccess (~> 3.2.0)
    - Logging
    - ObjectMapper (>= 3.5.2, ~> 3.5)
    - RxCocoa (~> 5.0)
    - RxSwift (~> 5.0)
    - RxSwiftExt (~> 5.0)
    - SwiftTurf
  - AirMapSDK/SystemStatus (4.0.1):
    - AirMapSDK/Core
    - Starscream (~> 3.1)
  - AirMapSDK/Telemetry (4.0.1):
    - AirMapSDK/Core
    - gRPC-Swift
  - AirMapSDK/Traffic (4.0.1):
    - AirMapSDK/Core
    - SwiftMQTT (> 3.0.0, ~> 3.0)
  - AirMapSDK/UI (4.0.1):
    - AirMapSDK/Core
    - AppAuth
    - Mapbox-iOS-SDK (~> 5.1)
    - PhoneNumberKit (~> 3.0)
    - RxDataSources
  - Alamofire (4.9.1)
  - AppAuth (1.3.0):
    - AppAuth/Core (= 1.3.0)
    - AppAuth/ExternalUserAgent (= 1.3.0)
  - AppAuth/Core (1.3.0)
  - AppAuth/ExternalUserAgent (1.3.0)
  - CGRPCZlib (1.0.0-alpha.11)
  - CNIOAtomics (2.15.0)
  - CNIOBoringSSL (2.7.0)
  - CNIOBoringSSLShims (2.7.0):
    - CNIOBoringSSL (= 2.7.0)
  - CNIODarwin (2.15.0)
  - CNIOHTTPParser (2.15.0)
  - CNIOLinux (2.15.0)
  - CNIOSHA1 (2.15.0)
  - Differentiator (4.0.1)
  - gRPC-Swift (1.0.0-alpha.11):
    - CGRPCZlib (= 1.0.0-alpha.11)
    - Logging (~> 1.0)
    - SwiftNIO (~> 2.0)
    - SwiftNIOHTTP2 (~> 1.0)
    - SwiftNIOSSL (= 2.7.0)
    - SwiftNIOTLS (~> 2.0)
    - SwiftNIOTransportServices (~> 1.0)
    - SwiftProtobuf (~> 1.8.0)
  - KeychainAccess (3.2.1)
  - Logging (1.2.0)
  - Mapbox-iOS-SDK (5.8.0):
    - MapboxMobileEvents (= 0.10.2)
  - MapboxMobileEvents (0.10.2)
  - Nimble (8.0.7)
  - ObjectMapper (3.5.2)
  - OHHTTPStubs (9.0.0):
    - OHHTTPStubs/Default (= 9.0.0)
  - OHHTTPStubs/Core (9.0.0)
  - OHHTTPStubs/Default (9.0.0):
    - OHHTTPStubs/Core
    - OHHTTPStubs/JSON
    - OHHTTPStubs/NSURLSession
    - OHHTTPStubs/OHPathHelpers
  - OHHTTPStubs/JSON (9.0.0):
    - OHHTTPStubs/Core
  - OHHTTPStubs/NSURLSession (9.0.0):
    - OHHTTPStubs/Core
  - OHHTTPStubs/OHPathHelpers (9.0.0)
  - OHHTTPStubs/Swift (9.0.0):
    - OHHTTPStubs/Default
  - PhoneNumberKit (3.2.0):
    - PhoneNumberKit/PhoneNumberKitCore (= 3.2.0)
    - PhoneNumberKit/UIKit (= 3.2.0)
  - PhoneNumberKit/PhoneNumberKitCore (3.2.0)
  - PhoneNumberKit/UIKit (3.2.0):
    - PhoneNumberKit/PhoneNumberKitCore
  - Quick (2.2.0)
  - RxCocoa (5.1.1):
    - RxRelay (~> 5)
    - RxSwift (~> 5)
  - RxDataSources (4.0.1):
    - Differentiator (~> 4.0)
    - RxCocoa (~> 5.0)
    - RxSwift (~> 5.0)
  - RxRelay (5.1.1):
    - RxSwift (~> 5)
  - RxSwift (5.1.1)
  - RxSwiftExt (5.2.0):
    - RxSwiftExt/Core (= 5.2.0)
    - RxSwiftExt/RxCocoa (= 5.2.0)
  - RxSwiftExt/Core (5.2.0):
    - RxSwift (~> 5.0)
  - RxSwiftExt/RxCocoa (5.2.0):
    - RxCocoa (~> 5.0)
    - RxSwiftExt/Core
  - Starscream (3.1.1)
  - SwiftMQTT (3.0.1)
  - SwiftNIO (2.15.0):
    - CNIOAtomics (= 2.15.0)
    - CNIODarwin (= 2.15.0)
    - CNIOLinux (= 2.15.0)
    - CNIOSHA1 (= 2.15.0)
    - SwiftNIOConcurrencyHelpers (= 2.15.0)
  - SwiftNIOConcurrencyHelpers (2.15.0):
    - CNIOAtomics (= 2.15.0)
  - SwiftNIOFoundationCompat (2.15.0):
    - SwiftNIO (= 2.15.0)
  - SwiftNIOHPACK (1.11.0):
    - SwiftNIO (= 2.15.0)
    - SwiftNIOConcurrencyHelpers (= 2.15.0)
    - SwiftNIOHTTP1 (= 2.15.0)
  - SwiftNIOHTTP1 (2.15.0):
    - CNIOHTTPParser (= 2.15.0)
    - SwiftNIO (= 2.15.0)
    - SwiftNIOConcurrencyHelpers (= 2.15.0)
  - SwiftNIOHTTP2 (1.11.0):
    - SwiftNIO (= 2.15.0)
    - SwiftNIOConcurrencyHelpers (= 2.15.0)
    - SwiftNIOHPACK (= 1.11.0)
    - SwiftNIOHTTP1 (= 2.15.0)
    - SwiftNIOTLS (= 2.15.0)
  - SwiftNIOSSL (2.7.0):
    - CNIOBoringSSL (= 2.7.0)
    - CNIOBoringSSLShims (= 2.7.0)
    - SwiftNIO (= 2.15.0)
    - SwiftNIOConcurrencyHelpers (= 2.15.0)
    - SwiftNIOTLS (= 2.15.0)
  - SwiftNIOTLS (2.15.0):
    - SwiftNIO (= 2.15.0)
  - SwiftNIOTransportServices (1.5.1):
    - SwiftNIO (~> 2.0)
    - SwiftNIOConcurrencyHelpers (~> 2.0)
    - SwiftNIOFoundationCompat (~> 2.0)
    - SwiftNIOTLS (~> 2.0)
  - SwiftProtobuf (1.8.0)
  - SwiftTurf (0.3.3)

DEPENDENCIES:
  - AirMapSDK (from `../`)
  - gRPC-Swift (= 1.0.0-alpha.11)
  - Nimble
  - OHHTTPStubs
  - OHHTTPStubs/Swift
  - Quick

SPEC REPOS:
  trunk:
    - Alamofire
    - AppAuth
    - CGRPCZlib
    - CNIOAtomics
    - CNIOBoringSSL
    - CNIOBoringSSLShims
    - CNIODarwin
    - CNIOHTTPParser
    - CNIOLinux
    - CNIOSHA1
    - Differentiator
    - gRPC-Swift
    - KeychainAccess
    - Logging
    - Mapbox-iOS-SDK
    - MapboxMobileEvents
    - Nimble
    - ObjectMapper
    - OHHTTPStubs
    - PhoneNumberKit
    - Quick
    - RxCocoa
    - RxDataSources
    - RxRelay
    - RxSwift
    - RxSwiftExt
    - Starscream
    - SwiftMQTT
    - SwiftNIO
    - SwiftNIOConcurrencyHelpers
    - SwiftNIOFoundationCompat
    - SwiftNIOHPACK
    - SwiftNIOHTTP1
    - SwiftNIOHTTP2
    - SwiftNIOSSL
    - SwiftNIOTLS
    - SwiftNIOTransportServices
    - SwiftProtobuf
    - SwiftTurf

EXTERNAL SOURCES:
  AirMapSDK:
    :path: "../"

SPEC CHECKSUMS:
  AirMapSDK: fedb2a5930ced715967529aaad0a2e34d53e7bd2
  Alamofire: 85e8a02c69d6020a0d734f6054870d7ecb75cf18
  AppAuth: 73574f3013a1e65b9601a3ddc8b3158cce68c09d
  CGRPCZlib: e595387378d0601be796e858dd30c505458c4b1f
  CNIOAtomics: ba49b1c86f281e1ecfd84c9205fbc27a81826847
  CNIOBoringSSL: 227001cfdaabdbe49404014ac492e11e363f14be
  CNIOBoringSSLShims: d2acb8e92ccc88b935033d208965ae9919ec114f
  CNIODarwin: 2e341dd283fa3972706568b12925366145a8e2cd
  CNIOHTTPParser: 25e1d1bc84c0612cbbbd6baedc4be05d77a17e01
  CNIOLinux: 61598a8e49510207acb74c87f8fc11f762f76b5a
  CNIOSHA1: 7b1dcceef9682aef4c6578b9fc67f87a03f0c48e
  Differentiator: 886080237d9f87f322641dedbc5be257061b0602
  gRPC-Swift: af309f6e39b98cfd1d6a6dbfa369da6f5916598f
  KeychainAccess: d5470352939ced6d6f7fb51cb2e67aae51fc294f
  Logging: 7838d379d234d7e5ae1265fa02804a9084caf04c
  Mapbox-iOS-SDK: 02590a60fe300810c55432219a0caaa1338fbafb
  MapboxMobileEvents: 2bc0ca2eedb627b73cf403258dce2b2fa98074a6
  Nimble: a73af6ecd4c9106f434f3d55fc54570be3739e0b
  ObjectMapper: b53ae947d370bf89423e86be7d4e2d2b2a8d3f40
  OHHTTPStubs: cb29d2a9d09a828ecb93349a2b0c64f99e0db89f
  PhoneNumberKit: df411d46177d1492da84e10b6c093846dd861452
  Quick: 7fb19e13be07b5dfb3b90d4f9824c855a11af40e
  RxCocoa: 32065309a38d29b5b0db858819b5bf9ef038b601
  RxDataSources: efee07fa4de48477eca0a4611e6d11e2da9c1114
  RxRelay: d77f7d771495f43c556cbc43eebd1bb54d01e8e9
  RxSwift: 81470a2074fa8780320ea5fe4102807cb7118178
  RxSwiftExt: 4ca80336f43c28f11a2825cdd2fc61dd6c044697
  Starscream: 4bb2f9942274833f7b4d296a55504dcfc7edb7b0
  SwiftMQTT: 983eeb29e8c8173ed953e0238d2f99b79ff3ccd2
  SwiftNIO: c9889dcd8aed2655af9163b42fc11ebd4ce94252
  SwiftNIOConcurrencyHelpers: 2357037a16e9c51880c01b896a5ac3cd41066044
  SwiftNIOFoundationCompat: f09ee499a8a9c636ec9007f73c5a1cedc23dcad3
  SwiftNIOHPACK: 906596511ff9d1e095b7a72a0011351591bcae03
  SwiftNIOHTTP1: b05f4061ba18482006a264a5aa087bbcd35d153c
  SwiftNIOHTTP2: 3a52499594c6ec073af2a2801cf3c5d3d1c8700f
  SwiftNIOSSL: a48f8db466ffaab6fdc9fcbec7591726b48d2653
  SwiftNIOTLS: 51580e51240d1a4d51efb2d317e92cf243181042
  SwiftNIOTransportServices: c7d36493d9bd18cbbc0115a1631533dfe1146e97
  SwiftProtobuf: 2cbd9409689b7df170d82a92a33443c8e3e14a70
  SwiftTurf: 340da9dbf60fe7ded0cac158657ec463269d581c

PODFILE CHECKSUM: 001e860b6598bcc7e888cec35e6f8c2fa43647d2

COCOAPODS: 1.8.4
