PODS:
  - AFNetworking (3.1.0):
    - AFNetworking/NSURLSession (= 3.1.0)
    - AFNetworking/Reachability (= 3.1.0)
    - AFNetworking/Security (= 3.1.0)
    - AFNetworking/Serialization (= 3.1.0)
    - AFNetworking/UIKit (= 3.1.0)
  - AFNetworking/NSURLSession (3.1.0):
    - AFNetworking/Reachability
    - AFNetworking/Security
    - AFNetworking/Serialization
  - AFNetworking/Reachability (3.1.0)
  - AFNetworking/Security (3.1.0)
  - AFNetworking/Serialization (3.1.0)
  - AFNetworking/UIKit (3.1.0):
    - AFNetworking/NSURLSession
  - AirMapSDK (1.0.0):
    - AirMapSDK/Core (= 1.0.0)
    - AirMapSDK/Telemetry (= 1.0.0)
    - AirMapSDK/Traffic (= 1.0.0)
    - AirMapSDK/UI (= 1.0.0)
  - AirMapSDK/Core (1.0.0):
    - Alamofire
    - JWTDecode
    - Log
    - ObjectMapper
    - RxCocoa
    - RxSwift
    - RxSwiftExt
    - SimpleKeychain
  - AirMapSDK/Telemetry (1.0.0):
    - AirMapSDK/Core
    - CocoaAsyncSocket (~> 7.5.0)
    - CryptoSwift
    - ProtocolBuffers-Swift
    - RxSwift
  - AirMapSDK/Traffic (1.0.0):
    - AirMapSDK/Core
    - SwiftMQTT
  - AirMapSDK/UI (1.0.0):
    - AirMapSDK/Core
    - libPhoneNumber-iOS
    - Lock
    - Mapbox-iOS-SDK (= 3.3.6)
    - PhoneNumberKit
    - RxDataSources
    - SwiftSimplify
    - SwiftTurf
  - Alamofire (4.3.0)
  - CocoaAsyncSocket (7.5.1):
    - CocoaAsyncSocket/GCD (= 7.5.1)
  - CocoaAsyncSocket/GCD (7.5.1)
  - CryptoSwift (0.6.7)
  - JWTDecode (2.0.0)
  - libPhoneNumber-iOS (0.9.2)
  - Lock (1.28.1):
    - Lock/Core (= 1.28.1)
    - Lock/UI (= 1.28.1)
    - Lock/WebView (= 1.28.1)
  - Lock/Core (1.28.1):
    - AFNetworking (~> 3.0)
  - Lock/CoreUI (1.28.1):
    - Lock/Core
    - Masonry (~> 0.6)
  - Lock/UI (1.28.1):
    - Lock/CoreUI
  - Lock/WebView (1.28.1):
    - Lock/CoreUI
  - Log (1.0)
  - Mapbox-iOS-SDK (3.3.6)
  - Masonry (0.6.4)
  - Nimble (6.0.1)
  - ObjectMapper (2.2.2)
  - OHHTTPStubs (5.2.3):
    - OHHTTPStubs/Default (= 5.2.3)
  - OHHTTPStubs/Core (5.2.3)
  - OHHTTPStubs/Default (5.2.3):
    - OHHTTPStubs/Core
    - OHHTTPStubs/JSON
    - OHHTTPStubs/NSURLSession
    - OHHTTPStubs/OHPathHelpers
  - OHHTTPStubs/JSON (5.2.3):
    - OHHTTPStubs/Core
  - OHHTTPStubs/NSURLSession (5.2.3):
    - OHHTTPStubs/Core
  - OHHTTPStubs/OHPathHelpers (5.2.3)
  - OHHTTPStubs/Swift (5.2.3):
    - OHHTTPStubs/Core
  - PhoneNumberKit (1.2.2):
    - PhoneNumberKit/PhoneNumberKitCore (= 1.2.2)
    - PhoneNumberKit/UIKit (= 1.2.2)
  - PhoneNumberKit/PhoneNumberKitCore (1.2.2)
  - PhoneNumberKit/UIKit (1.2.2):
    - PhoneNumberKit/PhoneNumberKitCore
  - ProtocolBuffers-Swift (3.0.9)
  - Quick (1.0.0)
  - RxCocoa (3.2.0):
    - RxSwift (~> 3.1)
  - RxDataSources (1.0.2):
    - RxCocoa (~> 3.0)
    - RxSwift (~> 3.0)
  - RxSwift (3.2.0)
  - RxSwiftExt (2.1.0):
    - RxSwift (~> 3.0)
  - SimpleKeychain (0.7.0)
  - SwiftMQTT (2.0.0)
  - SwiftSimplify (0.2.0)
  - SwiftTurf (0.1.1)

DEPENDENCIES:
  - AirMapSDK (from `../`)
  - Alamofire (~> 4.0)
  - Mapbox-iOS-SDK
  - Nimble
  - OHHTTPStubs
  - OHHTTPStubs/Swift
  - Quick
  - SwiftTurf (from `../../SwiftTurf/`)

EXTERNAL SOURCES:
  AirMapSDK:
    :path: "../"
  SwiftTurf:
    :path: "../../SwiftTurf/"

SPEC CHECKSUMS:
  AFNetworking: 5e0e199f73d8626b11e79750991f5d173d1f8b67
  AirMapSDK: 7456522c36ccd6c0428cd6584dd910b4d2483259
  Alamofire: 856a113053a7bc9cbe5d6367a555d773fc5cfef7
  CocoaAsyncSocket: e0a7e93b2ffa411592ff87e58524fbbc9b95b4fa
  CryptoSwift: 685ae257941e5447474348a2b545583e1a16b573
  JWTDecode: 178e47e5d28d3abcff778bacced8342858cd6cb5
  libPhoneNumber-iOS: a8bffdec18c37728360f6771fe021302f1e0b497
  Lock: 75874afed8380a46459dfb643cb93b3b6ffa59d9
  Log: 5e368c9528db07517d18d2d04ff5fe2b6f5a1e21
  Mapbox-iOS-SDK: 1651ab31beec917b60ccbb8f737d0435ec80eeb3
  Masonry: 281802d04d787ea2973179ee8bcb50500579ede2
  Nimble: 1527fd1bd2b4cf0636251a36bc8ab37e81da8347
  ObjectMapper: 9e385c2295bcc4e16eabbcfc85db801442bba545
  OHHTTPStubs: e238cd5b66d8efa51c861db45895de8fe079f4a7
  PhoneNumberKit: ffae8f18fb78c1425c7af973711b0b0fd4f4104f
  ProtocolBuffers-Swift: dad8725c6b497a91c9dff38f9035499d40f2c025
  Quick: 8024e4a47e6cc03a9d5245ef0948264fc6d27cff
  RxCocoa: ccdf43101a70407097a29082f648ba1676075b30
  RxDataSources: 1de77880bf5b7fcee42102adcd5a5d65e5b81541
  RxSwift: 46574f70d416b7923c237195939cc488a7fbf3a0
  RxSwiftExt: 492a6575cf6afabb8feeed3204bd0f9e2c695e67
  SimpleKeychain: b50cef3b87939d480ea1143425c00f5b4b70fe21
  SwiftMQTT: 1223cdf3056cd9211112e3f136aa221125b457e1
  SwiftSimplify: 374ead1c360c6e236539543d6ce5b3abda011080
  SwiftTurf: 3561aa90125a8bf55229a998415aa82f2b516497

PODFILE CHECKSUM: ef18defe7336def039a5fd0f5e5820e24cb843a6

COCOAPODS: 1.2.0
