PODS:
  - AirMapSDK (2.0.0.beta.1):
    - AirMapSDK/Core (= 2.0.0.beta.1)
    - AirMapSDK/Telemetry (= 2.0.0.beta.1)
    - AirMapSDK/Traffic (= 2.0.0.beta.1)
    - AirMapSDK/UI (= 2.0.0.beta.1)
  - AirMapSDK/Core (2.0.0.beta.1):
    - Alamofire
    - JWTDecode
    - Log
    - ObjectMapper
    - RxCocoa
    - RxSwift
    - RxSwiftExt
    - SimpleKeychain
    - SwiftTurf
  - AirMapSDK/Telemetry (2.0.0.beta.1):
    - AirMapSDK/Core
    - CocoaAsyncSocket
    - CryptoSwift
    - ProtocolBuffers-Swift
  - AirMapSDK/Traffic (2.0.0.beta.1):
    - AirMapSDK/Core
    - SwiftMQTT (~> 2.0.0)
  - AirMapSDK/UI (2.0.0.beta.1):
    - AirMapSDK/Core
    - Lock
    - Mapbox-iOS-SDK
    - PhoneNumberKit
    - RxDataSources
  - Alamofire (4.6.0)
  - Auth0 (1.9.2):
    - SimpleKeychain
  - CocoaAsyncSocket (7.6.2)
  - CryptoSwift (0.8.0)
  - Differentiator (3.0.2)
  - JWTDecode (2.1.1)
  - Lock (2.4.2):
    - Auth0 (~> 1.9)
    - Lock/Classic (= 2.4.2)
  - Lock/Classic (2.4.2):
    - Auth0 (~> 1.9)
  - Log (1.0)
  - Mapbox-iOS-SDK (3.7.1)
  - Nimble (7.0.2)
  - ObjectMapper (3.1.0)
  - OHHTTPStubs (6.1.0):
    - OHHTTPStubs/Default (= 6.1.0)
  - OHHTTPStubs/Core (6.1.0)
  - OHHTTPStubs/Default (6.1.0):
    - OHHTTPStubs/Core
    - OHHTTPStubs/JSON
    - OHHTTPStubs/NSURLSession
    - OHHTTPStubs/OHPathHelpers
  - OHHTTPStubs/JSON (6.1.0):
    - OHHTTPStubs/Core
  - OHHTTPStubs/NSURLSession (6.1.0):
    - OHHTTPStubs/Core
  - OHHTTPStubs/OHPathHelpers (6.1.0)
  - OHHTTPStubs/Swift (6.1.0):
    - OHHTTPStubs/Default
  - PhoneNumberKit (2.1.0):
    - PhoneNumberKit/PhoneNumberKitCore (= 2.1.0)
    - PhoneNumberKit/UIKit (= 2.1.0)
  - PhoneNumberKit/PhoneNumberKitCore (2.1.0)
  - PhoneNumberKit/UIKit (2.1.0):
    - PhoneNumberKit/PhoneNumberKitCore
  - ProtocolBuffers-Swift (4.0.1)
  - Quick (1.2.0)
  - RxCocoa (4.0.0):
    - RxSwift (~> 4.0)
  - RxDataSources (3.0.2):
    - Differentiator (~> 3.0)
    - RxCocoa (~> 4.0)
    - RxSwift (~> 4.0)
  - RxSwift (4.0.0)
  - RxSwiftExt (3.0.0):
    - RxSwiftExt/Core (= 3.0.0)
  - RxSwiftExt/Core (3.0.0):
    - RxSwift (~> 4.0)
  - SimpleKeychain (0.8.0)
  - SwiftMQTT (2.0.0)
  - SwiftTurf (0.2.1)

DEPENDENCIES:
  - AirMapSDK (from `../`)
  - Nimble
  - OHHTTPStubs
  - OHHTTPStubs/Swift
  - Quick

EXTERNAL SOURCES:
  AirMapSDK:
    :path: ../

SPEC CHECKSUMS:
  AirMapSDK: fb17e697ab143c53dc6874734923aee57144c48f
  Alamofire: f41a599bd63041760b26d393ec1069d9d7b917f4
  Auth0: 9eceebf97b6b3482eaed82193e090b50c3bd8ad6
  CocoaAsyncSocket: 3541e024f48c54b251638ef72d51dd42808de932
  CryptoSwift: f81907430ebbe38b8404b4f6fb40f3c576a8755f
  Differentiator: a87be69eba49ec4ab460c7671143ee3a9eececfd
  JWTDecode: 83e8b381aafe27158d9f692cbdca2b12d61d460c
  Lock: d26f2c1450d5226394bf0ab064d3d2e24f671646
  Log: 5e368c9528db07517d18d2d04ff5fe2b6f5a1e21
  Mapbox-iOS-SDK: 34c96bec48a1122ead238e7e886cd9d613e6280c
  Nimble: bfe1f814edabba69ff145cb1283e04ed636a67f2
  ObjectMapper: 20505058f54e5c3ca69e1d6de9897d152a5369a6
  OHHTTPStubs: 1e21c7d2c084b8153fc53d48400d8919d2d432d0
  PhoneNumberKit: 62003f40ff75315fd3738286558bc365365ac222
  ProtocolBuffers-Swift: d1c0724bbfd1924c219131ff80bdda09352d959c
  Quick: 58d203b1c5e27fff7229c4c1ae445ad7069a7a08
  RxCocoa: d62846ca96495d862fa4c59ea7d87e5031d7340e
  RxDataSources: cb7c31e652a87ebb919da45f716bbb87b3765f6b
  RxSwift: fd680d75283beb5e2559486f3c0ff852f0d35334
  RxSwiftExt: b06c47dff66cd33ca7683bba1e74b0c5c8e3592e
  SimpleKeychain: 84c748463eec601dfee5e7990f55cc82edc5488d
  SwiftMQTT: 1223cdf3056cd9211112e3f136aa221125b457e1
  SwiftTurf: 1b92524e162f0cabe646d30bfe33eba6fcaf6239

PODFILE CHECKSUM: 49598a7476ee36a4c507bb3b31b4ae89b2632a65

COCOAPODS: 1.3.1
